
Microsoft Visual Studio Solution File, Format Version 12.00
# Visual Studio Version 17
VisualStudioVersion = 17.14.36401.2
MinimumVisualStudioVersion = 10.0.40219.1
Project("{FAE04EC0-301F-11D3-BF4B-00C04F79EFBC}") = "Lab2", "Lab2.csproj", "{85A09178-86F8-11FE-228E-5C505B5C870A}"
EndProject
Global
	GlobalSection(SolutionConfigurationPlatforms) = preSolution
		Debug|Any CPU = Debug|Any CPU
		Debug|x64 = Debug|x64
		Release|Any CPU = Release|Any CPU
		Release|x64 = Release|x64
	EndGlobalSection
	GlobalSection(ProjectConfigurationPlatforms) = postSolution
		{85A09178-86F8-11FE-228E-5C505B5C870A}.Debug|Any CPU.ActiveCfg = Debug|Any CPU
		{85A09178-86F8-11FE-228E-5C505B5C870A}.Debug|Any CPU.Build.0 = Debug|Any CPU
		{85A09178-86F8-11FE-228E-5C505B5C870A}.Debug|x64.ActiveCfg = Debug|x64
		{85A09178-86F8-11FE-228E-5C505B5C870A}.Debug|x64.Build.0 = Debug|x64
		{85A09178-86F8-11FE-228E-5C505B5C870A}.Release|Any CPU.ActiveCfg = Release|Any CPU
		{85A09178-86F8-11FE-228E-5C505B5C870A}.Release|Any CPU.Build.0 = Release|Any CPU
		{85A09178-86F8-11FE-228E-5C505B5C870A}.Release|x64.ActiveCfg = Release|x64
		{85A09178-86F8-11FE-228E-5C505B5C870A}.Release|x64.Build.0 = Release|x64
	EndGlobalSection
	GlobalSection(SolutionProperties) = preSolution
		HideSolutionNode = FALSE
	EndGlobalSection
	GlobalSection(ExtensibilityGlobals) = postSolution
		SolutionGuid = {2A4EE638-7D46-4DA5-BE30-AC73780BE7DA}
	EndGlobalSection
EndGlobal
